<?xml version="1.0" encoding="utf-8"?>
<Project ToolsVersion="4.0" xmlns="http://schemas.microsoft.com/developer/msbuild/2003">
  <ItemGroup>
    <Filter Include="Source Files">
      <UniqueIdentifier>{4FC737F1-C7A5-4376-A066-2A32D752A2FF}</UniqueIdentifier>
      <Extensions>cpp;c;cc;cxx;def;odl;idl;hpj;bat;asm;asmx</Extensions>
    </Filter>
    <Filter Include="Header Files">
      <UniqueIdentifier>{93995380-89BD-4b04-88EB-625FBE52EBFB}</UniqueIdentifier>
      <Extensions>h;hpp;hxx;hm;inl;inc;xsd</Extensions>
    </Filter>
    <Filter Include="Wrapper">
      <UniqueIdentifier>{c8ef8abb-bdf7-423b-a13f-57c1c8ed9484}</UniqueIdentifier>
    </Filter>
  </ItemGroup>
  <ItemGroup>
    <ClCompile Include="..\..\src\3dmath.cpp">
      <Filter>Source Files</Filter>
    </ClCompile>
    <ClCompile Include="..\..\src\Combine.cpp">
      <Filter>Source Files</Filter>
    </ClCompile>
    <ClCompile Include="..\..\src\Config.cpp">
      <Filter>Source Files</Filter>
    </ClCompile>
    <ClCompile Include="..\..\src\CRC.cpp">
      <Filter>Source Files</Filter>
    </ClCompile>
    <ClCompile Include="..\..\src\Debugger.cpp">
      <Filter>Source Files</Filter>
    </ClCompile>
    <ClCompile Include="..\..\src\DepthBufferRender.cpp">
      <Filter>Source Files</Filter>
    </ClCompile>
    <ClCompile Include="..\..\src\Ini.cpp">
      <Filter>Source Files</Filter>
    </ClCompile>
    <ClCompile Include="..\..\src\Main.cpp">
      <Filter>Source Files</Filter>
    </ClCompile>
    <ClCompile Include="..\..\src\osal_dynamiclib_win32.c">
      <Filter>Source Files</Filter>
    </ClCompile>
    <ClCompile Include="..\..\src\rdp.cpp">
      <Filter>Source Files</Filter>
    </ClCompile>
    <ClCompile Include="..\..\src\TexBuffer.cpp">
      <Filter>Source Files</Filter>
    </ClCompile>
    <ClCompile Include="..\..\src\TexCache.cpp">
      <Filter>Source Files</Filter>
    </ClCompile>
    <ClCompile Include="..\..\src\Util.cpp">
      <Filter>Source Files</Filter>
    </ClCompile>
    <ClCompile Include="..\..\src\wrapper\2xsai.cpp">
      <Filter>Wrapper</Filter>
    </ClCompile>
    <ClCompile Include="..\..\src\wrapper\combiner.cpp">
      <Filter>Wrapper</Filter>
    </ClCompile>
    <ClCompile Include="..\..\src\wrapper\config.cpp">
      <Filter>Wrapper</Filter>
    </ClCompile>
    <ClCompile Include="..\..\src\wrapper\filter.cpp">
      <Filter>Wrapper</Filter>
    </ClCompile>
    <ClCompile Include="..\..\src\wrapper\geometry.cpp">
      <Filter>Wrapper</Filter>
    </ClCompile>
    <ClCompile Include="..\..\src\wrapper\hq2x.cpp">
      <Filter>Wrapper</Filter>
    </ClCompile>
    <ClCompile Include="..\..\src\wrapper\hq4x.cpp">
      <Filter>Wrapper</Filter>
    </ClCompile>
    <ClCompile Include="..\..\src\wrapper\main.cpp">
      <Filter>Wrapper</Filter>
    </ClCompile>
    <ClCompile Include="..\..\src\wrapper\textures.cpp">
      <Filter>Wrapper</Filter>
    </ClCompile>
  </ItemGroup>
  <ItemGroup>
    <ClInclude Include="..\..\src\wrapper\2xsai.h">
      <Filter>Wrapper</Filter>
    </ClInclude>
    <ClInclude Include="..\..\src\wrapper\3dfx.h">
      <Filter>Wrapper</Filter>
    </ClInclude>
    <ClInclude Include="..\..\src\wrapper\g3ext.h">
      <Filter>Wrapper</Filter>
    </ClInclude>
    <ClInclude Include="..\..\src\wrapper\glide.h">
      <Filter>Wrapper</Filter>
    </ClInclude>
    <ClInclude Include="..\..\src\wrapper\glidesys.h">
      <Filter>Wrapper</Filter>
    </ClInclude>
    <ClInclude Include="..\..\src\wrapper\glideutl.h">
      <Filter>Wrapper</Filter>
    </ClInclude>
    <ClInclude Include="..\..\src\wrapper\main.h">
      <Filter>Wrapper</Filter>
    </ClInclude>
    <ClInclude Include="..\..\src\wrapper\sst1vid.h">
      <Filter>Wrapper</Filter>
    </ClInclude>
  </ItemGroup>
</Project>